
Microsoft Visual Studio Solution File, Format Version 12.00
# Visual Studio Version 17
VisualStudioVersion = 17.10.34928.147
MinimumVisualStudioVersion = 10.0.40219.1
Project("{9A19103F-16F7-4668-BE54-9A1E7A4F7556}") = "TestTaskKaspelan.Order", "TestTaskKaspelan.Order\TestTaskKaspelan.Order.csproj", "{E3538CA6-2475-4675-B3D8-8982109C4605}"
EndProject
Project("{9A19103F-16F7-4668-BE54-9A1E7A4F7556}") = "TestTaskKaspelan.Order.Services", "TestTaskKaspelan.Order.Services\TestTaskKaspelan.Order.Services.csproj", "{980CFE35-1E6E-48F5-8465-50935DFA01A9}"
EndProject
Project("{9A19103F-16F7-4668-BE54-9A1E7A4F7556}") = "TestTaskKaspelan.Common", "TestTaskKaspelan.Common\TestTaskKaspelan.Common.csproj", "{3EA032CD-2B6E-41EC-9124-693038242E1E}"
EndProject
Project("{9A19103F-16F7-4668-BE54-9A1E7A4F7556}") = "TestTaskKaspelan.Order.DataAccess", "TestTaskKaspelan.Order.DataAccess\TestTaskKaspelan.Order.DataAccess.csproj", "{EBCA3671-4396-4A31-B809-4DCD9736256E}"
EndProject
Project("{9A19103F-16F7-4668-BE54-9A1E7A4F7556}") = "TestTaskKaspelan.Gateway", "TestTaskKaspelan.Gateway\TestTaskKaspelan.Gateway.csproj", "{0F094709-158A-49E2-86D3-B142E6320C0C}"
EndProject
Project("{9A19103F-16F7-4668-BE54-9A1E7A4F7556}") = "TestTaskKaspelan.Saga", "TestTaskKaspelan.Saga\TestTaskKaspelan.Saga.csproj", "{9A5664F6-9A8F-4370-AF4C-E558BF783775}"
EndProject
Project("{9A19103F-16F7-4668-BE54-9A1E7A4F7556}") = "TestTaskKaspelan.Saga.Services", "TestTaskKaspelan.Saga.Services\TestTaskKaspelan.Saga.Services.csproj", "{A2B7963B-E918-418B-84E8-621EC996D269}"
EndProject
Project("{9A19103F-16F7-4668-BE54-9A1E7A4F7556}") = "TestTaskKaspelan.Saga.Repositories", "TestTaskKaspelan.Saga.Repositories\TestTaskKaspelan.Saga.Repositories.csproj", "{8A98EF74-ECFD-41A6-B26D-5F8564F466CB}"
EndProject
Project("{9A19103F-16F7-4668-BE54-9A1E7A4F7556}") = "TestTaskKaspelan.Notification", "TestTaskKaspelan.Notification\TestTaskKaspelan.Notification.csproj", "{94D33F28-688C-4924-9C21-7CDEFA6CC03F}"
EndProject
Project("{9A19103F-16F7-4668-BE54-9A1E7A4F7556}") = "TestTaskKaspelan.Notification.Services", "TestTaskKaspelan.Notification.Services\TestTaskKaspelan.Notification.Services.csproj", "{3A81CF87-534C-4726-A6CB-24EAE95ED2C7}"
EndProject
Project("{9A19103F-16F7-4668-BE54-9A1E7A4F7556}") = "TestTaskKaspelan.Notification.Repositories", "TestTaskKaspelan.Notification.Repositories\TestTaskKaspelan.Notification.Repositories.csproj", "{E92084C1-F48D-4FBA-9D29-1E54F8D3C54E}"
EndProject
Project("{9A19103F-16F7-4668-BE54-9A1E7A4F7556}") = "TestTaskKaspelan.Auth", "TestTaskKaspelan.Auth\TestTaskKaspelan.Auth.csproj", "{271E029C-87AF-4F79-92E5-A5F13A687E0F}"
EndProject
Project("{9A19103F-16F7-4668-BE54-9A1E7A4F7556}") = "TestTaskKaspelan.Auth.Services", "TestTaskKaspelan.Auth.Services\TestTaskKaspelan.Auth.Services.csproj", "{D2DD00E1-3AC9-424D-B463-85F73CE58A70}"
EndProject
Project("{2150E333-8FDC-42A3-9474-1A3956D46DE8}") = "Tests", "Tests", "{56A1FACD-551F-44BC-9327-C3B25D662E70}"
EndProject
Project("{FAE04EC0-301F-11D3-BF4B-00C04F79EFBC}") = "TestTaskKaspelan.Order.Services.UnitTests", "TestTaskKaspelan.Order.Services.UnitTests\TestTaskKaspelan.Order.Services.UnitTests.csproj", "{40E84C0D-FD7F-420A-B91E-28C1789BCEEA}"
EndProject
Project("{FAE04EC0-301F-11D3-BF4B-00C04F79EFBC}") = "TestTaskKaspelan.Order.DataAccess.UnitTests", "TestTaskKaspelan.Order.DataAccess.UnitTests\TestTaskKaspelan.Order.DataAccess.UnitTests.csproj", "{DF600F77-6D0C-4D64-A5B3-134DEC63B4D2}"
EndProject
Project("{FAE04EC0-301F-11D3-BF4B-00C04F79EFBC}") = "TestTaskKaspelan.Order.UnitTests", "TestTaskKaspelan.Order.UnitTests\TestTaskKaspelan.Order.UnitTests.csproj", "{95538471-308E-4CB9-9D03-3011D7093422}"
EndProject
Global
	GlobalSection(SolutionConfigurationPlatforms) = preSolution
		Debug|Any CPU = Debug|Any CPU
		Release|Any CPU = Release|Any CPU
	EndGlobalSection
	GlobalSection(ProjectConfigurationPlatforms) = postSolution
		{E3538CA6-2475-4675-B3D8-8982109C4605}.Debug|Any CPU.ActiveCfg = Debug|Any CPU
		{E3538CA6-2475-4675-B3D8-8982109C4605}.Debug|Any CPU.Build.0 = Debug|Any CPU
		{E3538CA6-2475-4675-B3D8-8982109C4605}.Release|Any CPU.ActiveCfg = Release|Any CPU
		{E3538CA6-2475-4675-B3D8-8982109C4605}.Release|Any CPU.Build.0 = Release|Any CPU
		{980CFE35-1E6E-48F5-8465-50935DFA01A9}.Debug|Any CPU.ActiveCfg = Debug|Any CPU
		{980CFE35-1E6E-48F5-8465-50935DFA01A9}.Debug|Any CPU.Build.0 = Debug|Any CPU
		{980CFE35-1E6E-48F5-8465-50935DFA01A9}.Release|Any CPU.ActiveCfg = Release|Any CPU
		{980CFE35-1E6E-48F5-8465-50935DFA01A9}.Release|Any CPU.Build.0 = Release|Any CPU
		{3EA032CD-2B6E-41EC-9124-693038242E1E}.Debug|Any CPU.ActiveCfg = Debug|Any CPU
		{3EA032CD-2B6E-41EC-9124-693038242E1E}.Debug|Any CPU.Build.0 = Debug|Any CPU
		{3EA032CD-2B6E-41EC-9124-693038242E1E}.Release|Any CPU.ActiveCfg = Release|Any CPU
		{3EA032CD-2B6E-41EC-9124-693038242E1E}.Release|Any CPU.Build.0 = Release|Any CPU
		{EBCA3671-4396-4A31-B809-4DCD9736256E}.Debug|Any CPU.ActiveCfg = Debug|Any CPU
		{EBCA3671-4396-4A31-B809-4DCD9736256E}.Debug|Any CPU.Build.0 = Debug|Any CPU
		{EBCA3671-4396-4A31-B809-4DCD9736256E}.Release|Any CPU.ActiveCfg = Release|Any CPU
		{EBCA3671-4396-4A31-B809-4DCD9736256E}.Release|Any CPU.Build.0 = Release|Any CPU
		{0F094709-158A-49E2-86D3-B142E6320C0C}.Debug|Any CPU.ActiveCfg = Debug|Any CPU
		{0F094709-158A-49E2-86D3-B142E6320C0C}.Debug|Any CPU.Build.0 = Debug|Any CPU
		{0F094709-158A-49E2-86D3-B142E6320C0C}.Release|Any CPU.ActiveCfg = Release|Any CPU
		{0F094709-158A-49E2-86D3-B142E6320C0C}.Release|Any CPU.Build.0 = Release|Any CPU
		{9A5664F6-9A8F-4370-AF4C-E558BF783775}.Debug|Any CPU.ActiveCfg = Debug|Any CPU
		{9A5664F6-9A8F-4370-AF4C-E558BF783775}.Debug|Any CPU.Build.0 = Debug|Any CPU
		{9A5664F6-9A8F-4370-AF4C-E558BF783775}.Release|Any CPU.ActiveCfg = Release|Any CPU
		{9A5664F6-9A8F-4370-AF4C-E558BF783775}.Release|Any CPU.Build.0 = Release|Any CPU
		{A2B7963B-E918-418B-84E8-621EC996D269}.Debug|Any CPU.ActiveCfg = Debug|Any CPU
		{A2B7963B-E918-418B-84E8-621EC996D269}.Debug|Any CPU.Build.0 = Debug|Any CPU
		{A2B7963B-E918-418B-84E8-621EC996D269}.Release|Any CPU.ActiveCfg = Release|Any CPU
		{A2B7963B-E918-418B-84E8-621EC996D269}.Release|Any CPU.Build.0 = Release|Any CPU
		{8A98EF74-ECFD-41A6-B26D-5F8564F466CB}.Debug|Any CPU.ActiveCfg = Debug|Any CPU
		{8A98EF74-ECFD-41A6-B26D-5F8564F466CB}.Debug|Any CPU.Build.0 = Debug|Any CPU
		{8A98EF74-ECFD-41A6-B26D-5F8564F466CB}.Release|Any CPU.ActiveCfg = Release|Any CPU
		{8A98EF74-ECFD-41A6-B26D-5F8564F466CB}.Release|Any CPU.Build.0 = Release|Any CPU
		{94D33F28-688C-4924-9C21-7CDEFA6CC03F}.Debug|Any CPU.ActiveCfg = Debug|Any CPU
		{94D33F28-688C-4924-9C21-7CDEFA6CC03F}.Debug|Any CPU.Build.0 = Debug|Any CPU
		{94D33F28-688C-4924-9C21-7CDEFA6CC03F}.Release|Any CPU.ActiveCfg = Release|Any CPU
		{94D33F28-688C-4924-9C21-7CDEFA6CC03F}.Release|Any CPU.Build.0 = Release|Any CPU
		{3A81CF87-534C-4726-A6CB-24EAE95ED2C7}.Debug|Any CPU.ActiveCfg = Debug|Any CPU
		{3A81CF87-534C-4726-A6CB-24EAE95ED2C7}.Debug|Any CPU.Build.0 = Debug|Any CPU
		{3A81CF87-534C-4726-A6CB-24EAE95ED2C7}.Release|Any CPU.ActiveCfg = Release|Any CPU
		{3A81CF87-534C-4726-A6CB-24EAE95ED2C7}.Release|Any CPU.Build.0 = Release|Any CPU
		{E92084C1-F48D-4FBA-9D29-1E54F8D3C54E}.Debug|Any CPU.ActiveCfg = Debug|Any CPU
		{E92084C1-F48D-4FBA-9D29-1E54F8D3C54E}.Debug|Any CPU.Build.0 = Debug|Any CPU
		{E92084C1-F48D-4FBA-9D29-1E54F8D3C54E}.Release|Any CPU.ActiveCfg = Release|Any CPU
		{E92084C1-F48D-4FBA-9D29-1E54F8D3C54E}.Release|Any CPU.Build.0 = Release|Any CPU
		{271E029C-87AF-4F79-92E5-A5F13A687E0F}.Debug|Any CPU.ActiveCfg = Debug|Any CPU
		{271E029C-87AF-4F79-92E5-A5F13A687E0F}.Debug|Any CPU.Build.0 = Debug|Any CPU
		{271E029C-87AF-4F79-92E5-A5F13A687E0F}.Release|Any CPU.ActiveCfg = Release|Any CPU
		{271E029C-87AF-4F79-92E5-A5F13A687E0F}.Release|Any CPU.Build.0 = Release|Any CPU
		{D2DD00E1-3AC9-424D-B463-85F73CE58A70}.Debug|Any CPU.ActiveCfg = Debug|Any CPU
		{D2DD00E1-3AC9-424D-B463-85F73CE58A70}.Debug|Any CPU.Build.0 = Debug|Any CPU
		{D2DD00E1-3AC9-424D-B463-85F73CE58A70}.Release|Any CPU.ActiveCfg = Release|Any CPU
		{D2DD00E1-3AC9-424D-B463-85F73CE58A70}.Release|Any CPU.Build.0 = Release|Any CPU
		{40E84C0D-FD7F-420A-B91E-28C1789BCEEA}.Debug|Any CPU.ActiveCfg = Debug|Any CPU
		{40E84C0D-FD7F-420A-B91E-28C1789BCEEA}.Debug|Any CPU.Build.0 = Debug|Any CPU
		{40E84C0D-FD7F-420A-B91E-28C1789BCEEA}.Release|Any CPU.ActiveCfg = Release|Any CPU
		{40E84C0D-FD7F-420A-B91E-28C1789BCEEA}.Release|Any CPU.Build.0 = Release|Any CPU
		{DF600F77-6D0C-4D64-A5B3-134DEC63B4D2}.Debug|Any CPU.ActiveCfg = Debug|Any CPU
		{DF600F77-6D0C-4D64-A5B3-134DEC63B4D2}.Debug|Any CPU.Build.0 = Debug|Any CPU
		{DF600F77-6D0C-4D64-A5B3-134DEC63B4D2}.Release|Any CPU.ActiveCfg = Release|Any CPU
		{DF600F77-6D0C-4D64-A5B3-134DEC63B4D2}.Release|Any CPU.Build.0 = Release|Any CPU
		{95538471-308E-4CB9-9D03-3011D7093422}.Debug|Any CPU.ActiveCfg = Debug|Any CPU
		{95538471-308E-4CB9-9D03-3011D7093422}.Debug|Any CPU.Build.0 = Debug|Any CPU
		{95538471-308E-4CB9-9D03-3011D7093422}.Release|Any CPU.ActiveCfg = Release|Any CPU
		{95538471-308E-4CB9-9D03-3011D7093422}.Release|Any CPU.Build.0 = Release|Any CPU
	EndGlobalSection
	GlobalSection(SolutionProperties) = preSolution
		HideSolutionNode = FALSE
	EndGlobalSection
	GlobalSection(NestedProjects) = preSolution
		{40E84C0D-FD7F-420A-B91E-28C1789BCEEA} = {56A1FACD-551F-44BC-9327-C3B25D662E70}
		{DF600F77-6D0C-4D64-A5B3-134DEC63B4D2} = {56A1FACD-551F-44BC-9327-C3B25D662E70}
		{95538471-308E-4CB9-9D03-3011D7093422} = {56A1FACD-551F-44BC-9327-C3B25D662E70}
	EndGlobalSection
	GlobalSection(ExtensibilityGlobals) = postSolution
		SolutionGuid = {71741A76-D1EA-4E22-84E5-D23ACB8EEC2A}
	EndGlobalSection
EndGlobal
